
Microsoft Visual Studio Solution File, Format Version 12.00
# Visual Studio Version 17
VisualStudioVersion = 17.14.36616.10 d17.14
MinimumVisualStudioVersion = 10.0.40219.1
Project("{FAE04EC0-301F-11D3-BF4B-00C04F79EFBC}") = "GeoInsight", "GeoInsight.csproj", "{EEB5B89A-023F-40E4-BA21-B0CB287FFF61}"
EndProject
Global
	GlobalSection(SolutionConfigurationPlatforms) = preSolution
		Debug|Any CPU = Debug|Any CPU
		Release|Any CPU = Release|Any CPU
	EndGlobalSection
	GlobalSection(ProjectConfigurationPlatforms) = postSolution
		{EEB5B89A-023F-40E4-BA21-B0CB287FFF61}.Debug|Any CPU.ActiveCfg = Debug|Any CPU
		{EEB5B89A-023F-40E4-BA21-B0CB287FFF61}.Debug|Any CPU.Build.0 = Debug|Any CPU
		{EEB5B89A-023F-40E4-BA21-B0CB287FFF61}.Release|Any CPU.ActiveCfg = Release|Any CPU
		{EEB5B89A-023F-40E4-BA21-B0CB287FFF61}.Release|Any CPU.Build.0 = Release|Any CPU
	EndGlobalSection
	GlobalSection(SolutionProperties) = preSolution
		HideSolutionNode = FALSE
	EndGlobalSection
	GlobalSection(ExtensibilityGlobals) = postSolution
		SolutionGuid = {EE64D49A-BB35-46BD-BF5F-6ABE8A5F6AC8}
	EndGlobalSection
EndGlobal
